
Microsoft Visual Studio Solution File, Format Version 12.00
# Visual Studio 15
VisualStudioVersion = 15.0.27004.2010
MinimumVisualStudioVersion = 10.0.40219.1
Project("{FAE04EC0-301F-11D3-BF4B-00C04F79EFBC}") = "BasicAutofac", "BasicAutofac\BasicAutofac.csproj", "{6AA15B1A-0814-4318-A881-D66025562553}"
EndProject
Project("{FAE04EC0-301F-11D3-BF4B-00C04F79EFBC}") = "ActnarsImplementation", "ActnarsImplementation\ActnarsImplementation.csproj", "{C4B52B44-D8F0-4CAA-96CB-04C1DF9F6F96}"
EndProject
Project("{FAE04EC0-301F-11D3-BF4B-00C04F79EFBC}") = "RegistrationSourceImplementation", "RegistrationSourceImplementation\RegistrationSourceImplementation.csproj", "{C6D75D9C-01AD-466E-99A9-A7969E03A730}"
EndProject
Project("{FAE04EC0-301F-11D3-BF4B-00C04F79EFBC}") = "AdapterPatternImplementation", "AdapterPatternImplementation\AdapterPatternImplementation.csproj", "{B1C113C5-327A-4D45-BD09-1E57239E587E}"
EndProject
Project("{FAE04EC0-301F-11D3-BF4B-00C04F79EFBC}") = "DecoratorPatternImplementation", "DecoratorPatternImplementation\DecoratorPatternImplementation.csproj", "{7D0880F2-4E03-4BCC-ADE7-B8638956E2E0}"
EndProject
Global
	GlobalSection(SolutionConfigurationPlatforms) = preSolution
		Debug|Any CPU = Debug|Any CPU
		Release|Any CPU = Release|Any CPU
	EndGlobalSection
	GlobalSection(ProjectConfigurationPlatforms) = postSolution
		{6AA15B1A-0814-4318-A881-D66025562553}.Debug|Any CPU.ActiveCfg = Debug|Any CPU
		{6AA15B1A-0814-4318-A881-D66025562553}.Debug|Any CPU.Build.0 = Debug|Any CPU
		{6AA15B1A-0814-4318-A881-D66025562553}.Release|Any CPU.ActiveCfg = Release|Any CPU
		{6AA15B1A-0814-4318-A881-D66025562553}.Release|Any CPU.Build.0 = Release|Any CPU
		{C4B52B44-D8F0-4CAA-96CB-04C1DF9F6F96}.Debug|Any CPU.ActiveCfg = Debug|Any CPU
		{C4B52B44-D8F0-4CAA-96CB-04C1DF9F6F96}.Debug|Any CPU.Build.0 = Debug|Any CPU
		{C4B52B44-D8F0-4CAA-96CB-04C1DF9F6F96}.Release|Any CPU.ActiveCfg = Release|Any CPU
		{C4B52B44-D8F0-4CAA-96CB-04C1DF9F6F96}.Release|Any CPU.Build.0 = Release|Any CPU
		{C6D75D9C-01AD-466E-99A9-A7969E03A730}.Debug|Any CPU.ActiveCfg = Debug|Any CPU
		{C6D75D9C-01AD-466E-99A9-A7969E03A730}.Debug|Any CPU.Build.0 = Debug|Any CPU
		{C6D75D9C-01AD-466E-99A9-A7969E03A730}.Release|Any CPU.ActiveCfg = Release|Any CPU
		{C6D75D9C-01AD-466E-99A9-A7969E03A730}.Release|Any CPU.Build.0 = Release|Any CPU
		{B1C113C5-327A-4D45-BD09-1E57239E587E}.Debug|Any CPU.ActiveCfg = Debug|Any CPU
		{B1C113C5-327A-4D45-BD09-1E57239E587E}.Debug|Any CPU.Build.0 = Debug|Any CPU
		{B1C113C5-327A-4D45-BD09-1E57239E587E}.Release|Any CPU.ActiveCfg = Release|Any CPU
		{B1C113C5-327A-4D45-BD09-1E57239E587E}.Release|Any CPU.Build.0 = Release|Any CPU
		{7D0880F2-4E03-4BCC-ADE7-B8638956E2E0}.Debug|Any CPU.ActiveCfg = Debug|Any CPU
		{7D0880F2-4E03-4BCC-ADE7-B8638956E2E0}.Debug|Any CPU.Build.0 = Debug|Any CPU
		{7D0880F2-4E03-4BCC-ADE7-B8638956E2E0}.Release|Any CPU.ActiveCfg = Release|Any CPU
		{7D0880F2-4E03-4BCC-ADE7-B8638956E2E0}.Release|Any CPU.Build.0 = Release|Any CPU
	EndGlobalSection
	GlobalSection(SolutionProperties) = preSolution
		HideSolutionNode = FALSE
	EndGlobalSection
	GlobalSection(ExtensibilityGlobals) = postSolution
		SolutionGuid = {25E1D707-C07A-4F70-8891-94DE98F75499}
	EndGlobalSection
EndGlobal
