
Microsoft Visual Studio Solution File, Format Version 12.00
# Visual Studio 15
VisualStudioVersion = 15.0.27004.2010
MinimumVisualStudioVersion = 10.0.40219.1
Project("{FAE04EC0-301F-11D3-BF4B-00C04F79EFBC}") = "BasicAutofac", "BasicAutofac\BasicAutofac.csproj", "{6AA15B1A-0814-4318-A881-D66025562553}"
EndProject
Project("{FAE04EC0-301F-11D3-BF4B-00C04F79EFBC}") = "ActnarsImplementation", "ActnarsImplementation\ActnarsImplementation.csproj", "{C4B52B44-D8F0-4CAA-96CB-04C1DF9F6F96}"
EndProject
Project("{FAE04EC0-301F-11D3-BF4B-00C04F79EFBC}") = "RegistrationSourceImplementation", "RegistrationSourceImplementation\RegistrationSourceImplementation.csproj", "{C6D75D9C-01AD-466E-99A9-A7969E03A730}"
EndProject
Project("{FAE04EC0-301F-11D3-BF4B-00C04F79EFBC}") = "AdapterPatternImplementation", "AdapterPatternImplementation\AdapterPatternImplementation.csproj", "{B1C113C5-327A-4D45-BD09-1E57239E587E}"
EndProject
Project("{FAE04EC0-301F-11D3-BF4B-00C04F79EFBC}") = "DecoratorPatternImplementation", "DecoratorPatternImplementation\DecoratorPatternImplementation.csproj", "{7D0880F2-4E03-4BCC-ADE7-B8638956E2E0}"
EndProject
Project("{FAE04EC0-301F-11D3-BF4B-00C04F79EFBC}") = "CircularDependencies", "CircularDependencies\CircularDependencies.csproj", "{2EF69463-5C6B-4F7A-8D48-913969846960}"
EndProject
Project("{FAE04EC0-301F-11D3-BF4B-00C04F79EFBC}") = "Metadata", "Metadata\Metadata.csproj", "{E578441A-F3C1-4CCB-967C-89FF950D12AC}"
EndProject
Project("{FAE04EC0-301F-11D3-BF4B-00C04F79EFBC}") = "NamedAndKeyedServices", "NamedAndKeyedServices\NamedAndKeyedServices.csproj", "{1BB66387-DF63-47A6-AA8B-2E5A9536C8DF}"
EndProject
Project("{FAE04EC0-301F-11D3-BF4B-00C04F79EFBC}") = "DelegateFactories", "DelegateFactories\DelegateFactories.csproj", "{1125ABB0-9C11-4ED1-A071-DD5B3FCA5F5C}"
EndProject
Project("{FAE04EC0-301F-11D3-BF4B-00C04F79EFBC}") = "OwnedInstances", "OwnedInstances\OwnedInstances.csproj", "{B983EB52-AEF6-44E9-B676-1A7E84CD2C4A}"
EndProject
Project("{FAE04EC0-301F-11D3-BF4B-00C04F79EFBC}") = "MultitenantApplications", "MultitenantApplications\MultitenantApplications.csproj", "{30ABFD96-1401-4F7F-BFF2-32C4DD61AEF9}"
EndProject
Project("{FAE04EC0-301F-11D3-BF4B-00C04F79EFBC}") = "AggregateServices", "AggregateServices\AggregateServices.csproj", "{F3D2170A-6183-41B9-9A28-A5E7FAB62B5B}"
EndProject
Project("{FAE04EC0-301F-11D3-BF4B-00C04F79EFBC}") = "TypeInterceptors", "TypeInterceptors\TypeInterceptors.csproj", "{AD0DEE26-2CE5-43D8-A522-0281CA26A616}"
EndProject
Global
	GlobalSection(SolutionConfigurationPlatforms) = preSolution
		Debug|Any CPU = Debug|Any CPU
		Release|Any CPU = Release|Any CPU
	EndGlobalSection
	GlobalSection(ProjectConfigurationPlatforms) = postSolution
		{6AA15B1A-0814-4318-A881-D66025562553}.Debug|Any CPU.ActiveCfg = Debug|Any CPU
		{6AA15B1A-0814-4318-A881-D66025562553}.Debug|Any CPU.Build.0 = Debug|Any CPU
		{6AA15B1A-0814-4318-A881-D66025562553}.Release|Any CPU.ActiveCfg = Release|Any CPU
		{6AA15B1A-0814-4318-A881-D66025562553}.Release|Any CPU.Build.0 = Release|Any CPU
		{C4B52B44-D8F0-4CAA-96CB-04C1DF9F6F96}.Debug|Any CPU.ActiveCfg = Debug|Any CPU
		{C4B52B44-D8F0-4CAA-96CB-04C1DF9F6F96}.Debug|Any CPU.Build.0 = Debug|Any CPU
		{C4B52B44-D8F0-4CAA-96CB-04C1DF9F6F96}.Release|Any CPU.ActiveCfg = Release|Any CPU
		{C4B52B44-D8F0-4CAA-96CB-04C1DF9F6F96}.Release|Any CPU.Build.0 = Release|Any CPU
		{C6D75D9C-01AD-466E-99A9-A7969E03A730}.Debug|Any CPU.ActiveCfg = Debug|Any CPU
		{C6D75D9C-01AD-466E-99A9-A7969E03A730}.Debug|Any CPU.Build.0 = Debug|Any CPU
		{C6D75D9C-01AD-466E-99A9-A7969E03A730}.Release|Any CPU.ActiveCfg = Release|Any CPU
		{C6D75D9C-01AD-466E-99A9-A7969E03A730}.Release|Any CPU.Build.0 = Release|Any CPU
		{B1C113C5-327A-4D45-BD09-1E57239E587E}.Debug|Any CPU.ActiveCfg = Debug|Any CPU
		{B1C113C5-327A-4D45-BD09-1E57239E587E}.Debug|Any CPU.Build.0 = Debug|Any CPU
		{B1C113C5-327A-4D45-BD09-1E57239E587E}.Release|Any CPU.ActiveCfg = Release|Any CPU
		{B1C113C5-327A-4D45-BD09-1E57239E587E}.Release|Any CPU.Build.0 = Release|Any CPU
		{7D0880F2-4E03-4BCC-ADE7-B8638956E2E0}.Debug|Any CPU.ActiveCfg = Debug|Any CPU
		{7D0880F2-4E03-4BCC-ADE7-B8638956E2E0}.Debug|Any CPU.Build.0 = Debug|Any CPU
		{7D0880F2-4E03-4BCC-ADE7-B8638956E2E0}.Release|Any CPU.ActiveCfg = Release|Any CPU
		{7D0880F2-4E03-4BCC-ADE7-B8638956E2E0}.Release|Any CPU.Build.0 = Release|Any CPU
		{2EF69463-5C6B-4F7A-8D48-913969846960}.Debug|Any CPU.ActiveCfg = Debug|Any CPU
		{2EF69463-5C6B-4F7A-8D48-913969846960}.Debug|Any CPU.Build.0 = Debug|Any CPU
		{2EF69463-5C6B-4F7A-8D48-913969846960}.Release|Any CPU.ActiveCfg = Release|Any CPU
		{2EF69463-5C6B-4F7A-8D48-913969846960}.Release|Any CPU.Build.0 = Release|Any CPU
		{E578441A-F3C1-4CCB-967C-89FF950D12AC}.Debug|Any CPU.ActiveCfg = Debug|Any CPU
		{E578441A-F3C1-4CCB-967C-89FF950D12AC}.Debug|Any CPU.Build.0 = Debug|Any CPU
		{E578441A-F3C1-4CCB-967C-89FF950D12AC}.Release|Any CPU.ActiveCfg = Release|Any CPU
		{E578441A-F3C1-4CCB-967C-89FF950D12AC}.Release|Any CPU.Build.0 = Release|Any CPU
		{1BB66387-DF63-47A6-AA8B-2E5A9536C8DF}.Debug|Any CPU.ActiveCfg = Debug|Any CPU
		{1BB66387-DF63-47A6-AA8B-2E5A9536C8DF}.Debug|Any CPU.Build.0 = Debug|Any CPU
		{1BB66387-DF63-47A6-AA8B-2E5A9536C8DF}.Release|Any CPU.ActiveCfg = Release|Any CPU
		{1BB66387-DF63-47A6-AA8B-2E5A9536C8DF}.Release|Any CPU.Build.0 = Release|Any CPU
		{1125ABB0-9C11-4ED1-A071-DD5B3FCA5F5C}.Debug|Any CPU.ActiveCfg = Debug|Any CPU
		{1125ABB0-9C11-4ED1-A071-DD5B3FCA5F5C}.Debug|Any CPU.Build.0 = Debug|Any CPU
		{1125ABB0-9C11-4ED1-A071-DD5B3FCA5F5C}.Release|Any CPU.ActiveCfg = Release|Any CPU
		{1125ABB0-9C11-4ED1-A071-DD5B3FCA5F5C}.Release|Any CPU.Build.0 = Release|Any CPU
		{B983EB52-AEF6-44E9-B676-1A7E84CD2C4A}.Debug|Any CPU.ActiveCfg = Debug|Any CPU
		{B983EB52-AEF6-44E9-B676-1A7E84CD2C4A}.Debug|Any CPU.Build.0 = Debug|Any CPU
		{B983EB52-AEF6-44E9-B676-1A7E84CD2C4A}.Release|Any CPU.ActiveCfg = Release|Any CPU
		{B983EB52-AEF6-44E9-B676-1A7E84CD2C4A}.Release|Any CPU.Build.0 = Release|Any CPU
		{30ABFD96-1401-4F7F-BFF2-32C4DD61AEF9}.Debug|Any CPU.ActiveCfg = Debug|Any CPU
		{30ABFD96-1401-4F7F-BFF2-32C4DD61AEF9}.Debug|Any CPU.Build.0 = Debug|Any CPU
		{30ABFD96-1401-4F7F-BFF2-32C4DD61AEF9}.Release|Any CPU.ActiveCfg = Release|Any CPU
		{30ABFD96-1401-4F7F-BFF2-32C4DD61AEF9}.Release|Any CPU.Build.0 = Release|Any CPU
		{F3D2170A-6183-41B9-9A28-A5E7FAB62B5B}.Debug|Any CPU.ActiveCfg = Debug|Any CPU
		{F3D2170A-6183-41B9-9A28-A5E7FAB62B5B}.Debug|Any CPU.Build.0 = Debug|Any CPU
		{F3D2170A-6183-41B9-9A28-A5E7FAB62B5B}.Release|Any CPU.ActiveCfg = Release|Any CPU
		{F3D2170A-6183-41B9-9A28-A5E7FAB62B5B}.Release|Any CPU.Build.0 = Release|Any CPU
		{AD0DEE26-2CE5-43D8-A522-0281CA26A616}.Debug|Any CPU.ActiveCfg = Debug|Any CPU
		{AD0DEE26-2CE5-43D8-A522-0281CA26A616}.Debug|Any CPU.Build.0 = Debug|Any CPU
		{AD0DEE26-2CE5-43D8-A522-0281CA26A616}.Release|Any CPU.ActiveCfg = Release|Any CPU
		{AD0DEE26-2CE5-43D8-A522-0281CA26A616}.Release|Any CPU.Build.0 = Release|Any CPU
	EndGlobalSection
	GlobalSection(SolutionProperties) = preSolution
		HideSolutionNode = FALSE
	EndGlobalSection
	GlobalSection(ExtensibilityGlobals) = postSolution
		SolutionGuid = {25E1D707-C07A-4F70-8891-94DE98F75499}
	EndGlobalSection
EndGlobal
