
Microsoft Visual Studio Solution File, Format Version 12.00
# Visual Studio 15
VisualStudioVersion = 15.0.27004.2010
MinimumVisualStudioVersion = 10.0.40219.1
Project("{9A19103F-16F7-4668-BE54-9A1E7A4F7556}") = "RestfulJobPattern", "RestfulJobPattern\RestfulJobPattern.csproj", "{5B0DD258-D8BD-43B7-B2EE-D70F6EFB117B}"
EndProject
Project("{E53339B2-1760-4266-BCC7-CA923CBCF16C}") = "docker-compose", "docker-compose.dcproj", "{92950C18-2E16-47E6-8B9D-E14EE0E1229B}"
EndProject
Global
	GlobalSection(SolutionConfigurationPlatforms) = preSolution
		Debug|Any CPU = Debug|Any CPU
		Release|Any CPU = Release|Any CPU
	EndGlobalSection
	GlobalSection(ProjectConfigurationPlatforms) = postSolution
		{5B0DD258-D8BD-43B7-B2EE-D70F6EFB117B}.Debug|Any CPU.ActiveCfg = Debug|Any CPU
		{5B0DD258-D8BD-43B7-B2EE-D70F6EFB117B}.Debug|Any CPU.Build.0 = Debug|Any CPU
		{5B0DD258-D8BD-43B7-B2EE-D70F6EFB117B}.Release|Any CPU.ActiveCfg = Release|Any CPU
		{5B0DD258-D8BD-43B7-B2EE-D70F6EFB117B}.Release|Any CPU.Build.0 = Release|Any CPU
		{92950C18-2E16-47E6-8B9D-E14EE0E1229B}.Debug|Any CPU.ActiveCfg = Debug|Any CPU
		{92950C18-2E16-47E6-8B9D-E14EE0E1229B}.Debug|Any CPU.Build.0 = Debug|Any CPU
		{92950C18-2E16-47E6-8B9D-E14EE0E1229B}.Release|Any CPU.ActiveCfg = Release|Any CPU
		{92950C18-2E16-47E6-8B9D-E14EE0E1229B}.Release|Any CPU.Build.0 = Release|Any CPU
	EndGlobalSection
	GlobalSection(SolutionProperties) = preSolution
		HideSolutionNode = FALSE
	EndGlobalSection
	GlobalSection(ExtensibilityGlobals) = postSolution
		SolutionGuid = {72CA6356-9428-419F-976D-78F938E37283}
	EndGlobalSection
EndGlobal
