
Microsoft Visual Studio Solution File, Format Version 12.00
# Visual Studio Version 16
VisualStudioVersion = 16.0.31911.196
MinimumVisualStudioVersion = 10.0.40219.1
Project("{FAE04EC0-301F-11D3-BF4B-00C04F79EFBC}") = "CausalConsistencyGuarantees", "CausalConsistencyGuarantees.csproj", "{B04AF045-027D-44BF-836D-5BF9E90ABD35}"
EndProject
Global
	GlobalSection(SolutionConfigurationPlatforms) = preSolution
		Debug|Any CPU = Debug|Any CPU
		Release|Any CPU = Release|Any CPU
	EndGlobalSection
	GlobalSection(ProjectConfigurationPlatforms) = postSolution
		{B04AF045-027D-44BF-836D-5BF9E90ABD35}.Debug|Any CPU.ActiveCfg = Debug|Any CPU
		{B04AF045-027D-44BF-836D-5BF9E90ABD35}.Debug|Any CPU.Build.0 = Debug|Any CPU
		{B04AF045-027D-44BF-836D-5BF9E90ABD35}.Release|Any CPU.ActiveCfg = Release|Any CPU
		{B04AF045-027D-44BF-836D-5BF9E90ABD35}.Release|Any CPU.Build.0 = Release|Any CPU
	EndGlobalSection
	GlobalSection(SolutionProperties) = preSolution
		HideSolutionNode = FALSE
	EndGlobalSection
	GlobalSection(ExtensibilityGlobals) = postSolution
		SolutionGuid = {26BC94D0-6C54-4BF9-B40B-374594B888A7}
	EndGlobalSection
EndGlobal
