
Microsoft Visual Studio Solution File, Format Version 12.00
# Visual Studio 2013
VisualStudioVersion = 12.0.21005.1
MinimumVisualStudioVersion = 10.0.40219.1
Project("{888888A0-9F3D-457C-B088-3A5042F75D52}") = "SetOneQuestionOne", "SetOneQuestionOne\SetOneQuestionOne.pyproj", "{EC2099DA-F7A4-4E26-A16E-998C0BF97E8C}"
EndProject
Global
	GlobalSection(SolutionConfigurationPlatforms) = preSolution
		Debug|Any CPU = Debug|Any CPU
		Release|Any CPU = Release|Any CPU
	EndGlobalSection
	GlobalSection(ProjectConfigurationPlatforms) = postSolution
		{EC2099DA-F7A4-4E26-A16E-998C0BF97E8C}.Debug|Any CPU.ActiveCfg = Debug|Any CPU
		{EC2099DA-F7A4-4E26-A16E-998C0BF97E8C}.Release|Any CPU.ActiveCfg = Release|Any CPU
	EndGlobalSection
	GlobalSection(SolutionProperties) = preSolution
		HideSolutionNode = FALSE
	EndGlobalSection
EndGlobal
