
Microsoft Visual Studio Solution File, Format Version 12.00
# Visual Studio 15
VisualStudioVersion = 15.0.27004.2010
MinimumVisualStudioVersion = 10.0.40219.1
Project("{FAE04EC0-301F-11D3-BF4B-00C04F79EFBC}") = "MyExpressionTree", "MyExpressionTree\MyExpressionTree.csproj", "{8108D1D7-F1F1-43E1-AF7C-A87F7F669FE3}"
EndProject
Project("{FAE04EC0-301F-11D3-BF4B-00C04F79EFBC}") = "MyExpressionTree.Tests", "MyExpressionTree.Tests\MyExpressionTree.Tests.csproj", "{ED2C2185-2ABE-40AD-A2F0-EA01B6CBEB0A}"
EndProject
Global
	GlobalSection(SolutionConfigurationPlatforms) = preSolution
		Debug|Any CPU = Debug|Any CPU
		Release|Any CPU = Release|Any CPU
	EndGlobalSection
	GlobalSection(ProjectConfigurationPlatforms) = postSolution
		{8108D1D7-F1F1-43E1-AF7C-A87F7F669FE3}.Debug|Any CPU.ActiveCfg = Debug|Any CPU
		{8108D1D7-F1F1-43E1-AF7C-A87F7F669FE3}.Debug|Any CPU.Build.0 = Debug|Any CPU
		{8108D1D7-F1F1-43E1-AF7C-A87F7F669FE3}.Release|Any CPU.ActiveCfg = Release|Any CPU
		{8108D1D7-F1F1-43E1-AF7C-A87F7F669FE3}.Release|Any CPU.Build.0 = Release|Any CPU
		{ED2C2185-2ABE-40AD-A2F0-EA01B6CBEB0A}.Debug|Any CPU.ActiveCfg = Debug|Any CPU
		{ED2C2185-2ABE-40AD-A2F0-EA01B6CBEB0A}.Debug|Any CPU.Build.0 = Debug|Any CPU
		{ED2C2185-2ABE-40AD-A2F0-EA01B6CBEB0A}.Release|Any CPU.ActiveCfg = Release|Any CPU
		{ED2C2185-2ABE-40AD-A2F0-EA01B6CBEB0A}.Release|Any CPU.Build.0 = Release|Any CPU
	EndGlobalSection
	GlobalSection(SolutionProperties) = preSolution
		HideSolutionNode = FALSE
	EndGlobalSection
	GlobalSection(ExtensibilityGlobals) = postSolution
		SolutionGuid = {64C16C63-E9FC-4C5B-B1D7-C302E212C1A4}
	EndGlobalSection
EndGlobal
