
Microsoft Visual Studio Solution File, Format Version 12.00
# Visual Studio 15
VisualStudioVersion = 15.0.27004.2010
MinimumVisualStudioVersion = 10.0.40219.1
Project("{FAE04EC0-301F-11D3-BF4B-00C04F79EFBC}") = "TaskParallel", "TaskParallel\TaskParallel.csproj", "{94CAE11C-E3C5-42DA-8E16-B15D20F331E8}"
EndProject
Global
	GlobalSection(SolutionConfigurationPlatforms) = preSolution
		Debug|Any CPU = Debug|Any CPU
		Release|Any CPU = Release|Any CPU
	EndGlobalSection
	GlobalSection(ProjectConfigurationPlatforms) = postSolution
		{94CAE11C-E3C5-42DA-8E16-B15D20F331E8}.Debug|Any CPU.ActiveCfg = Debug|Any CPU
		{94CAE11C-E3C5-42DA-8E16-B15D20F331E8}.Debug|Any CPU.Build.0 = Debug|Any CPU
		{94CAE11C-E3C5-42DA-8E16-B15D20F331E8}.Release|Any CPU.ActiveCfg = Release|Any CPU
		{94CAE11C-E3C5-42DA-8E16-B15D20F331E8}.Release|Any CPU.Build.0 = Release|Any CPU
	EndGlobalSection
	GlobalSection(SolutionProperties) = preSolution
		HideSolutionNode = FALSE
	EndGlobalSection
	GlobalSection(ExtensibilityGlobals) = postSolution
		SolutionGuid = {0E41E5FD-885E-42DF-BA28-B406E1944333}
	EndGlobalSection
EndGlobal
