
Microsoft Visual Studio Solution File, Format Version 12.00
# Visual Studio 2013
VisualStudioVersion = 12.0.21005.1
MinimumVisualStudioVersion = 10.0.40219.1
Project("{FAE04EC0-301F-11D3-BF4B-00C04F79EFBC}") = "Shuffler", "Shuffler\Shuffler.csproj", "{2DB63341-9845-4B59-B2E3-2966B0D7BB1A}"
EndProject
Global
	GlobalSection(SolutionConfigurationPlatforms) = preSolution
		Debug|Any CPU = Debug|Any CPU
		Release|Any CPU = Release|Any CPU
	EndGlobalSection
	GlobalSection(ProjectConfigurationPlatforms) = postSolution
		{2DB63341-9845-4B59-B2E3-2966B0D7BB1A}.Debug|Any CPU.ActiveCfg = Debug|Any CPU
		{2DB63341-9845-4B59-B2E3-2966B0D7BB1A}.Debug|Any CPU.Build.0 = Debug|Any CPU
		{2DB63341-9845-4B59-B2E3-2966B0D7BB1A}.Release|Any CPU.ActiveCfg = Release|Any CPU
		{2DB63341-9845-4B59-B2E3-2966B0D7BB1A}.Release|Any CPU.Build.0 = Release|Any CPU
	EndGlobalSection
	GlobalSection(SolutionProperties) = preSolution
		HideSolutionNode = FALSE
	EndGlobalSection
EndGlobal
