
Microsoft Visual Studio Solution File, Format Version 12.00
# Visual Studio 15
VisualStudioVersion = 15.0.27004.2010
MinimumVisualStudioVersion = 10.0.40219.1
Project("{FAE04EC0-301F-11D3-BF4B-00C04F79EFBC}") = "MyInProcessJobQueue", "MyInProcessJobQueue\MyInProcessJobQueue.csproj", "{7AA1CA18-1242-4470-ACF4-87E7934BFA5B}"
EndProject
Global
	GlobalSection(SolutionConfigurationPlatforms) = preSolution
		Debug|Any CPU = Debug|Any CPU
		Release|Any CPU = Release|Any CPU
	EndGlobalSection
	GlobalSection(ProjectConfigurationPlatforms) = postSolution
		{7AA1CA18-1242-4470-ACF4-87E7934BFA5B}.Debug|Any CPU.ActiveCfg = Debug|Any CPU
		{7AA1CA18-1242-4470-ACF4-87E7934BFA5B}.Debug|Any CPU.Build.0 = Debug|Any CPU
		{7AA1CA18-1242-4470-ACF4-87E7934BFA5B}.Release|Any CPU.ActiveCfg = Release|Any CPU
		{7AA1CA18-1242-4470-ACF4-87E7934BFA5B}.Release|Any CPU.Build.0 = Release|Any CPU
	EndGlobalSection
	GlobalSection(SolutionProperties) = preSolution
		HideSolutionNode = FALSE
	EndGlobalSection
	GlobalSection(ExtensibilityGlobals) = postSolution
		SolutionGuid = {322EB7FF-45CE-4DEC-B58F-7D5A6972F2E4}
	EndGlobalSection
EndGlobal
