
Microsoft Visual Studio Solution File, Format Version 12.00
# Visual Studio 15
VisualStudioVersion = 15.0.26430.4
MinimumVisualStudioVersion = 10.0.40219.1
Project("{FAE04EC0-301F-11D3-BF4B-00C04F79EFBC}") = "SocialNetwork.Web", "SocialNetwork.Web\SocialNetwork.Web.csproj", "{503D3084-ABC8-4B89-BB68-CB84ACE037FF}"
EndProject
Project("{FAE04EC0-301F-11D3-BF4B-00C04F79EFBC}") = "SocialNetwork.Api", "SocialNetwork.Api\SocialNetwork.Api.csproj", "{64D3EA83-3199-4409-A2ED-0D35B88FC1A8}"
EndProject
Project("{FAE04EC0-301F-11D3-BF4B-00C04F79EFBC}") = "SocialNetwork.Data", "SocialNetwork.Data\SocialNetwork.Data.csproj", "{A473CFFB-D429-4B65-A2DD-81C7C9389C8A}"
EndProject
Project("{FAE04EC0-301F-11D3-BF4B-00C04F79EFBC}") = "SocialNetwork.DbMigrations", "SocialNetwork.DbMigrations\SocialNetwork.DbMigrations.csproj", "{1C6C67D2-39EE-46BA-A3FF-28315739DDAB}"
EndProject
Project("{FAE04EC0-301F-11D3-BF4B-00C04F79EFBC}") = "SocialNetwork.OAuth", "SocialNetwork.OAuth\SocialNetwork.OAuth.csproj", "{B62A93D8-D9A6-4D00-9932-66D8228DF1BE}"
EndProject
Global
	GlobalSection(SolutionConfigurationPlatforms) = preSolution
		Debug|Any CPU = Debug|Any CPU
		Release|Any CPU = Release|Any CPU
	EndGlobalSection
	GlobalSection(ProjectConfigurationPlatforms) = postSolution
		{503D3084-ABC8-4B89-BB68-CB84ACE037FF}.Debug|Any CPU.ActiveCfg = Debug|Any CPU
		{503D3084-ABC8-4B89-BB68-CB84ACE037FF}.Debug|Any CPU.Build.0 = Debug|Any CPU
		{503D3084-ABC8-4B89-BB68-CB84ACE037FF}.Release|Any CPU.ActiveCfg = Release|Any CPU
		{503D3084-ABC8-4B89-BB68-CB84ACE037FF}.Release|Any CPU.Build.0 = Release|Any CPU
		{64D3EA83-3199-4409-A2ED-0D35B88FC1A8}.Debug|Any CPU.ActiveCfg = Debug|Any CPU
		{64D3EA83-3199-4409-A2ED-0D35B88FC1A8}.Debug|Any CPU.Build.0 = Debug|Any CPU
		{64D3EA83-3199-4409-A2ED-0D35B88FC1A8}.Release|Any CPU.ActiveCfg = Release|Any CPU
		{64D3EA83-3199-4409-A2ED-0D35B88FC1A8}.Release|Any CPU.Build.0 = Release|Any CPU
		{A473CFFB-D429-4B65-A2DD-81C7C9389C8A}.Debug|Any CPU.ActiveCfg = Debug|Any CPU
		{A473CFFB-D429-4B65-A2DD-81C7C9389C8A}.Debug|Any CPU.Build.0 = Debug|Any CPU
		{A473CFFB-D429-4B65-A2DD-81C7C9389C8A}.Release|Any CPU.ActiveCfg = Release|Any CPU
		{A473CFFB-D429-4B65-A2DD-81C7C9389C8A}.Release|Any CPU.Build.0 = Release|Any CPU
		{1C6C67D2-39EE-46BA-A3FF-28315739DDAB}.Debug|Any CPU.ActiveCfg = Debug|Any CPU
		{1C6C67D2-39EE-46BA-A3FF-28315739DDAB}.Debug|Any CPU.Build.0 = Debug|Any CPU
		{1C6C67D2-39EE-46BA-A3FF-28315739DDAB}.Release|Any CPU.ActiveCfg = Release|Any CPU
		{1C6C67D2-39EE-46BA-A3FF-28315739DDAB}.Release|Any CPU.Build.0 = Release|Any CPU
		{B62A93D8-D9A6-4D00-9932-66D8228DF1BE}.Debug|Any CPU.ActiveCfg = Debug|Any CPU
		{B62A93D8-D9A6-4D00-9932-66D8228DF1BE}.Debug|Any CPU.Build.0 = Debug|Any CPU
		{B62A93D8-D9A6-4D00-9932-66D8228DF1BE}.Release|Any CPU.ActiveCfg = Release|Any CPU
		{B62A93D8-D9A6-4D00-9932-66D8228DF1BE}.Release|Any CPU.Build.0 = Release|Any CPU
	EndGlobalSection
	GlobalSection(SolutionProperties) = preSolution
		HideSolutionNode = FALSE
	EndGlobalSection
EndGlobal
